
Microsoft Visual Studio Solution File, Format Version 12.00
# Visual Studio Version 17
VisualStudioVersion = 17.1.32210.238
MinimumVisualStudioVersion = 10.0.40219.1
Project("{FAE04EC0-301F-11D3-BF4B-00C04F79EFBC}") = "RemoteNuc", "RemoteNuc\RemoteNuc.csproj", "{B066578F-EFB6-4CA5-9333-14EACA2ECB09}"
EndProject
Global
	GlobalSection(SolutionConfigurationPlatforms) = preSolution
		Debug|Any CPU = Debug|Any CPU
		Release|Any CPU = Release|Any CPU
	EndGlobalSection
	GlobalSection(ProjectConfigurationPlatforms) = postSolution
		{B066578F-EFB6-4CA5-9333-14EACA2ECB09}.Debug|Any CPU.ActiveCfg = Debug|Any CPU
		{B066578F-EFB6-4CA5-9333-14EACA2ECB09}.Debug|Any CPU.Build.0 = Debug|Any CPU
		{B066578F-EFB6-4CA5-9333-14EACA2ECB09}.Release|Any CPU.ActiveCfg = Release|Any CPU
		{B066578F-EFB6-4CA5-9333-14EACA2ECB09}.Release|Any CPU.Build.0 = Release|Any CPU
	EndGlobalSection
	GlobalSection(SolutionProperties) = preSolution
		HideSolutionNode = FALSE
	EndGlobalSection
	GlobalSection(ExtensibilityGlobals) = postSolution
		SolutionGuid = {65331780-A1DA-476C-9170-B1CE6CFE83DD}
	EndGlobalSection
EndGlobal
